// !$*UTF8*$!
{
	archiveVersion = 1;
	classes = {
	};
	objectVersion = 46;
	objects = {

/* Begin PBXBuildFile section */
		1A7D5A8B1D03192C002017D6 /* RectButton.swift in Sources */ = {isa = PBXBuildFile; fileRef = 1A7D5A8A1D03192C002017D6 /* RectButton.swift */; };
		1A7D5A8D1D031D15002017D6 /* LoginViewModel.swift in Sources */ = {isa = PBXBuildFile; fileRef = 1A7D5A8C1D031D15002017D6 /* LoginViewModel.swift */; };
		1A7D5A901D031E34002017D6 /* Validator.swift in Sources */ = {isa = PBXBuildFile; fileRef = 1A7D5A8F1D031E34002017D6 /* Validator.swift */; };
		1A7D5A931D032C4C002017D6 /* ActivityIndicator.swift in Sources */ = {isa = PBXBuildFile; fileRef = 1A7D5A921D032C4C002017D6 /* ActivityIndicator.swift */; };
		1A7F61251D020FD400878246 /* LoginController.swift in Sources */ = {isa = PBXBuildFile; fileRef = 1A7F61241D020FD400878246 /* LoginController.swift */; };
		1A7F612E1D0215CF00878246 /* RhapsodyKit.bundle in Resources */ = {isa = PBXBuildFile; fileRef = 1A7F612C1D0215CF00878246 /* RhapsodyKit.bundle */; };
		1A7F612F1D0215CF00878246 /* RhapsodyKit.framework in Frameworks */ = {isa = PBXBuildFile; fileRef = 1A7F612D1D0215CF00878246 /* RhapsodyKit.framework */; };
		1AA116F61D03040800A404D7 /* LoginViewController.swift in Sources */ = {isa = PBXBuildFile; fileRef = 1AA116F41D03040800A404D7 /* LoginViewController.swift */; };
		1AA116F71D03040800A404D7 /* LoginViewController.xib in Resources */ = {isa = PBXBuildFile; fileRef = 1AA116F51D03040800A404D7 /* LoginViewController.xib */; };
		1AA116FC1D0307FD00A404D7 /* TextField.swift in Sources */ = {isa = PBXBuildFile; fileRef = 1AA116FB1D0307FD00A404D7 /* TextField.swift */; };
		1AA116FE1D03154800A404D7 /* UIColor+Julie.swift in Sources */ = {isa = PBXBuildFile; fileRef = 1AA116FD1D03154800A404D7 /* UIColor+Julie.swift */; };
		1AA117001D03155900A404D7 /* UIFont+Julie.swift in Sources */ = {isa = PBXBuildFile; fileRef = 1AA116FF1D03155900A404D7 /* UIFont+Julie.swift */; };
		1AA117021D03157E00A404D7 /* ViewController.swift in Sources */ = {isa = PBXBuildFile; fileRef = 1AA117011D03157E00A404D7 /* ViewController.swift */; };
		1AA117041D03172500A404D7 /* ImageView.swift in Sources */ = {isa = PBXBuildFile; fileRef = 1AA117031D03172500A404D7 /* ImageView.swift */; };
		1AC5CEAA1D020974005E2F68 /* AppDelegate.swift in Sources */ = {isa = PBXBuildFile; fileRef = 1AC5CEA91D020974005E2F68 /* AppDelegate.swift */; };
		1AC5CEB11D020974005E2F68 /* Assets.xcassets in Resources */ = {isa = PBXBuildFile; fileRef = 1AC5CEB01D020974005E2F68 /* Assets.xcassets */; };
		1AC5CEB41D020974005E2F68 /* LaunchScreen.storyboard in Resources */ = {isa = PBXBuildFile; fileRef = 1AC5CEB21D020974005E2F68 /* LaunchScreen.storyboard */; };
		1AC5CEC21D020AB6005E2F68 /* AudioToolbox.framework in Frameworks */ = {isa = PBXBuildFile; fileRef = 1AC5CEC11D020AB6005E2F68 /* AudioToolbox.framework */; };
		1AC5CEC41D020AC2005E2F68 /* CoreData.framework in Frameworks */ = {isa = PBXBuildFile; fileRef = 1AC5CEC31D020AC2005E2F68 /* CoreData.framework */; };
		1AE0F39A1D03431800F22345 /* Player.swift in Sources */ = {isa = PBXBuildFile; fileRef = 1AE0F3991D03431800F22345 /* Player.swift */; };
		1AE0F39D1D03438C00F22345 /* PlayerViewController.swift in Sources */ = {isa = PBXBuildFile; fileRef = 1AE0F39B1D03438C00F22345 /* PlayerViewController.swift */; };
		1AE0F39E1D03438C00F22345 /* PlayerViewController.xib in Resources */ = {isa = PBXBuildFile; fileRef = 1AE0F39C1D03438C00F22345 /* PlayerViewController.xib */; };
		1AE0F3A11D04117200F22345 /* DataProvider.swift in Sources */ = {isa = PBXBuildFile; fileRef = 1AE0F3A01D04117200F22345 /* DataProvider.swift */; };
		1AE0F3A41D04141200F22345 /* NavigationService.swift in Sources */ = {isa = PBXBuildFile; fileRef = 1AE0F3A31D04141200F22345 /* NavigationService.swift */; };
		1AE0F3A71D041E7800F22345 /* PlayerViewModel.swift in Sources */ = {isa = PBXBuildFile; fileRef = 1AE0F3A61D041E7800F22345 /* PlayerViewModel.swift */; };
		1AE0F3AE1D04289E00F22345 /* RHKTrack+JSON.swift in Sources */ = {isa = PBXBuildFile; fileRef = 1AE0F3AD1D04289E00F22345 /* RHKTrack+JSON.swift */; };
		1C441C327EE5F7CB8B4BFE95 /* Pods_Julie.framework in Frameworks */ = {isa = PBXBuildFile; fileRef = F9755C0025980908A1D26E24 /* Pods_Julie.framework */; };
/* End PBXBuildFile section */

/* Begin PBXFileReference section */
		1A7D5A8A1D03192C002017D6 /* RectButton.swift */ = {isa = PBXFileReference; fileEncoding = 4; lastKnownFileType = sourcecode.swift; path = RectButton.swift; sourceTree = "<group>"; };
		1A7D5A8C1D031D15002017D6 /* LoginViewModel.swift */ = {isa = PBXFileReference; fileEncoding = 4; lastKnownFileType = sourcecode.swift; path = LoginViewModel.swift; sourceTree = "<group>"; };
		1A7D5A8F1D031E34002017D6 /* Validator.swift */ = {isa = PBXFileReference; fileEncoding = 4; lastKnownFileType = sourcecode.swift; path = Validator.swift; sourceTree = "<group>"; };
		1A7D5A921D032C4C002017D6 /* ActivityIndicator.swift */ = {isa = PBXFileReference; fileEncoding = 4; lastKnownFileType = sourcecode.swift; path = ActivityIndicator.swift; sourceTree = "<group>"; };
		1A7F61241D020FD400878246 /* LoginController.swift */ = {isa = PBXFileReference; fileEncoding = 4; lastKnownFileType = sourcecode.swift; path = LoginController.swift; sourceTree = "<group>"; };
		1A7F612C1D0215CF00878246 /* RhapsodyKit.bundle */ = {isa = PBXFileReference; lastKnownFileType = "wrapper.plug-in"; path = RhapsodyKit.bundle; sourceTree = "<group>"; };
		1A7F612D1D0215CF00878246 /* RhapsodyKit.framework */ = {isa = PBXFileReference; lastKnownFileType = wrapper.framework; path = RhapsodyKit.framework; sourceTree = "<group>"; };
		1AA116F41D03040800A404D7 /* LoginViewController.swift */ = {isa = PBXFileReference; fileEncoding = 4; lastKnownFileType = sourcecode.swift; path = LoginViewController.swift; sourceTree = "<group>"; };
		1AA116F51D03040800A404D7 /* LoginViewController.xib */ = {isa = PBXFileReference; fileEncoding = 4; lastKnownFileType = file.xib; path = LoginViewController.xib; sourceTree = "<group>"; };
		1AA116FB1D0307FD00A404D7 /* TextField.swift */ = {isa = PBXFileReference; fileEncoding = 4; lastKnownFileType = sourcecode.swift; path = TextField.swift; sourceTree = "<group>"; };
		1AA116FD1D03154800A404D7 /* UIColor+Julie.swift */ = {isa = PBXFileReference; fileEncoding = 4; lastKnownFileType = sourcecode.swift; path = "UIColor+Julie.swift"; sourceTree = "<group>"; };
		1AA116FF1D03155900A404D7 /* UIFont+Julie.swift */ = {isa = PBXFileReference; fileEncoding = 4; lastKnownFileType = sourcecode.swift; path = "UIFont+Julie.swift"; sourceTree = "<group>"; };
		1AA117011D03157E00A404D7 /* ViewController.swift */ = {isa = PBXFileReference; fileEncoding = 4; lastKnownFileType = sourcecode.swift; path = ViewController.swift; sourceTree = "<group>"; };
		1AA117031D03172500A404D7 /* ImageView.swift */ = {isa = PBXFileReference; fileEncoding = 4; lastKnownFileType = sourcecode.swift; path = ImageView.swift; sourceTree = "<group>"; };
		1AC5CEA61D020974005E2F68 /* Julie.app */ = {isa = PBXFileReference; explicitFileType = wrapper.application; includeInIndex = 0; path = Julie.app; sourceTree = BUILT_PRODUCTS_DIR; };
		1AC5CEA91D020974005E2F68 /* AppDelegate.swift */ = {isa = PBXFileReference; lastKnownFileType = sourcecode.swift; path = AppDelegate.swift; sourceTree = "<group>"; };
		1AC5CEB01D020974005E2F68 /* Assets.xcassets */ = {isa = PBXFileReference; lastKnownFileType = folder.assetcatalog; path = Assets.xcassets; sourceTree = "<group>"; };
		1AC5CEB31D020974005E2F68 /* Base */ = {isa = PBXFileReference; lastKnownFileType = file.storyboard; name = Base; path = Base.lproj/LaunchScreen.storyboard; sourceTree = "<group>"; };
		1AC5CEB51D020974005E2F68 /* Info.plist */ = {isa = PBXFileReference; lastKnownFileType = text.plist.xml; path = Info.plist; sourceTree = "<group>"; };
		1AC5CEC11D020AB6005E2F68 /* AudioToolbox.framework */ = {isa = PBXFileReference; lastKnownFileType = wrapper.framework; name = AudioToolbox.framework; path = System/Library/Frameworks/AudioToolbox.framework; sourceTree = SDKROOT; };
		1AC5CEC31D020AC2005E2F68 /* CoreData.framework */ = {isa = PBXFileReference; lastKnownFileType = wrapper.framework; name = CoreData.framework; path = System/Library/Frameworks/CoreData.framework; sourceTree = SDKROOT; };
		1AC5CEC51D020AE0005E2F68 /* Julie-Bridging-Header.h */ = {isa = PBXFileReference; lastKnownFileType = sourcecode.c.h; path = "Julie-Bridging-Header.h"; sourceTree = "<group>"; };
		1AE0F3991D03431800F22345 /* Player.swift */ = {isa = PBXFileReference; fileEncoding = 4; lastKnownFileType = sourcecode.swift; path = Player.swift; sourceTree = "<group>"; };
		1AE0F39B1D03438C00F22345 /* PlayerViewController.swift */ = {isa = PBXFileReference; fileEncoding = 4; lastKnownFileType = sourcecode.swift; path = PlayerViewController.swift; sourceTree = "<group>"; };
		1AE0F39C1D03438C00F22345 /* PlayerViewController.xib */ = {isa = PBXFileReference; fileEncoding = 4; lastKnownFileType = file.xib; path = PlayerViewController.xib; sourceTree = "<group>"; };
		1AE0F3A01D04117200F22345 /* DataProvider.swift */ = {isa = PBXFileReference; fileEncoding = 4; lastKnownFileType = sourcecode.swift; path = DataProvider.swift; sourceTree = "<group>"; };
		1AE0F3A31D04141200F22345 /* NavigationService.swift */ = {isa = PBXFileReference; fileEncoding = 4; lastKnownFileType = sourcecode.swift; path = NavigationService.swift; sourceTree = "<group>"; };
		1AE0F3A61D041E7800F22345 /* PlayerViewModel.swift */ = {isa = PBXFileReference; fileEncoding = 4; lastKnownFileType = sourcecode.swift; path = PlayerViewModel.swift; sourceTree = "<group>"; };
		1AE0F3AD1D04289E00F22345 /* RHKTrack+JSON.swift */ = {isa = PBXFileReference; fileEncoding = 4; lastKnownFileType = sourcecode.swift; path = "RHKTrack+JSON.swift"; sourceTree = "<group>"; };
		A5298D56B6ADE065E6388218 /* Pods-Julie.release.xcconfig */ = {isa = PBXFileReference; includeInIndex = 1; lastKnownFileType = text.xcconfig; name = "Pods-Julie.release.xcconfig"; path = "Pods/Target Support Files/Pods-Julie/Pods-Julie.release.xcconfig"; sourceTree = "<group>"; };
		B1A68D6F951976F0C2A12CCA /* Pods-Julie.debug.xcconfig */ = {isa = PBXFileReference; includeInIndex = 1; lastKnownFileType = text.xcconfig; name = "Pods-Julie.debug.xcconfig"; path = "Pods/Target Support Files/Pods-Julie/Pods-Julie.debug.xcconfig"; sourceTree = "<group>"; };
		F9755C0025980908A1D26E24 /* Pods_Julie.framework */ = {isa = PBXFileReference; explicitFileType = wrapper.framework; includeInIndex = 0; path = Pods_Julie.framework; sourceTree = BUILT_PRODUCTS_DIR; };
/* End PBXFileReference section */

/* Begin PBXFrameworksBuildPhase section */
		1AC5CEA31D020974005E2F68 /* Frameworks */ = {
			isa = PBXFrameworksBuildPhase;
			buildActionMask = 2147483647;
			files = (
				1AC5CEC41D020AC2005E2F68 /* CoreData.framework in Frameworks */,
				1AC5CEC21D020AB6005E2F68 /* AudioToolbox.framework in Frameworks */,
				1C441C327EE5F7CB8B4BFE95 /* Pods_Julie.framework in Frameworks */,
				1A7F612F1D0215CF00878246 /* RhapsodyKit.framework in Frameworks */,
			);
			runOnlyForDeploymentPostprocessing = 0;
		};
/* End PBXFrameworksBuildPhase section */

/* Begin PBXGroup section */
		1A7D5A911D032C4C002017D6 /* Rx */ = {
			isa = PBXGroup;
			children = (
				1A7D5A921D032C4C002017D6 /* ActivityIndicator.swift */,
			);
			path = Rx;
			sourceTree = "<group>";
		};
		1A7F61231D020FC900878246 /* Login */ = {
			isa = PBXGroup;
			children = (
				1A7F61241D020FD400878246 /* LoginController.swift */,
				1AA116F41D03040800A404D7 /* LoginViewController.swift */,
				1AA116F51D03040800A404D7 /* LoginViewController.xib */,
				1A7D5A8C1D031D15002017D6 /* LoginViewModel.swift */,
				1A7D5A8F1D031E34002017D6 /* Validator.swift */,
			);
			path = Login;
			sourceTree = "<group>";
		};
		1AA116FA1D0306B300A404D7 /* Appereance */ = {
			isa = PBXGroup;
			children = (
				1AA117031D03172500A404D7 /* ImageView.swift */,
				1A7D5A8A1D03192C002017D6 /* RectButton.swift */,
				1AA116FB1D0307FD00A404D7 /* TextField.swift */,
				1AA116FD1D03154800A404D7 /* UIColor+Julie.swift */,
				1AA116FF1D03155900A404D7 /* UIFont+Julie.swift */,
				1AA117011D03157E00A404D7 /* ViewController.swift */,
			);
			path = Appereance;
			sourceTree = "<group>";
		};
		1AC5CE9D1D020974005E2F68 = {
			isa = PBXGroup;
			children = (
				1AC5CEBB1D020A1B005E2F68 /* Frameworks */,
				1AC5CEA81D020974005E2F68 /* Julie */,
				1AC5CEA71D020974005E2F68 /* Products */,
				39A0956A32BA91BE0818E98F /* Pods */,
			);
			sourceTree = "<group>";
		};
		1AC5CEA71D020974005E2F68 /* Products */ = {
			isa = PBXGroup;
			children = (
				1AC5CEA61D020974005E2F68 /* Julie.app */,
			);
			name = Products;
			sourceTree = "<group>";
		};
		1AC5CEA81D020974005E2F68 /* Julie */ = {
			isa = PBXGroup;
			children = (
				1AC5CEA91D020974005E2F68 /* AppDelegate.swift */,
				1AA116FA1D0306B300A404D7 /* Appereance */,
				1AC5CEB01D020974005E2F68 /* Assets.xcassets */,
				1AE0F39F1D04116400F22345 /* Data */,
				1AC5CEB51D020974005E2F68 /* Info.plist */,
				1AC5CEC51D020AE0005E2F68 /* Julie-Bridging-Header.h */,
				1AC5CEB21D020974005E2F68 /* LaunchScreen.storyboard */,
				1A7F61231D020FC900878246 /* Login */,
				1AE0F3A21D04140400F22345 /* Navigation */,
				1AE0F3981D0342EC00F22345 /* Player */,
				1A7D5A911D032C4C002017D6 /* Rx */,
				1AE0F3B01D04326600F22345 /* Settings */,
			);
			path = Julie;
			sourceTree = "<group>";
		};
		1AC5CEBB1D020A1B005E2F68 /* Frameworks */ = {
			isa = PBXGroup;
			children = (
				1A7F612C1D0215CF00878246 /* RhapsodyKit.bundle */,
				1A7F612D1D0215CF00878246 /* RhapsodyKit.framework */,
				1AC5CEC31D020AC2005E2F68 /* CoreData.framework */,
				1AC5CEC11D020AB6005E2F68 /* AudioToolbox.framework */,
				F9755C0025980908A1D26E24 /* Pods_Julie.framework */,
			);
			path = Frameworks;
			sourceTree = "<group>";
		};
		1AE0F3981D0342EC00F22345 /* Player */ = {
			isa = PBXGroup;
			children = (
				1AE0F3991D03431800F22345 /* Player.swift */,
				1AE0F39B1D03438C00F22345 /* PlayerViewController.swift */,
				1AE0F39C1D03438C00F22345 /* PlayerViewController.xib */,
				1AE0F3A61D041E7800F22345 /* PlayerViewModel.swift */,
			);
			path = Player;
			sourceTree = "<group>";
		};
		1AE0F39F1D04116400F22345 /* Data */ = {
			isa = PBXGroup;
			children = (
				1AE0F3A01D04117200F22345 /* DataProvider.swift */,
				1AE0F3AD1D04289E00F22345 /* RHKTrack+JSON.swift */,
			);
			path = Data;
			sourceTree = "<group>";
		};
		1AE0F3A21D04140400F22345 /* Navigation */ = {
			isa = PBXGroup;
			children = (
				1AE0F3A31D04141200F22345 /* NavigationService.swift */,
			);
			path = Navigation;
			sourceTree = "<group>";
		};
		1AE0F3B01D04326600F22345 /* Settings */ = {
			isa = PBXGroup;
			children = (
			);
			path = Settings;
			sourceTree = "<group>";
		};
		39A0956A32BA91BE0818E98F /* Pods */ = {
			isa = PBXGroup;
			children = (
				B1A68D6F951976F0C2A12CCA /* Pods-Julie.debug.xcconfig */,
				A5298D56B6ADE065E6388218 /* Pods-Julie.release.xcconfig */,
			);
			name = Pods;
			sourceTree = "<group>";
		};
/* End PBXGroup section */

/* Begin PBXNativeTarget section */
		1AC5CEA51D020974005E2F68 /* Julie */ = {
			isa = PBXNativeTarget;
			buildConfigurationList = 1AC5CEB81D020974005E2F68 /* Build configuration list for PBXNativeTarget "Julie" */;
			buildPhases = (
				06AABBF7C17CDD4CEC9E6889 /* [CP] Check Pods Manifest.lock */,
				1AC5CEA21D020974005E2F68 /* Sources */,
				1AC5CEA31D020974005E2F68 /* Frameworks */,
				1AC5CEA41D020974005E2F68 /* Resources */,
				01DDA9C05350CB445EAC5CC3 /* [CP] Embed Pods Frameworks */,
				88F9F8DCE95C5A513D6B3A68 /* [CP] Copy Pods Resources */,
			);
			buildRules = (
			);
			dependencies = (
			);
			name = Julie;
			productName = Julie;
			productReference = 1AC5CEA61D020974005E2F68 /* Julie.app */;
			productType = "com.apple.product-type.application";
		};
/* End PBXNativeTarget section */

/* Begin PBXProject section */
		1AC5CE9E1D020974005E2F68 /* Project object */ = {
			isa = PBXProject;
			attributes = {
				LastSwiftUpdateCheck = 0730;
				LastUpgradeCheck = 0730;
				ORGANIZATIONNAME = "Five Dollar Milkshake";
				TargetAttributes = {
					1AC5CEA51D020974005E2F68 = {
						CreatedOnToolsVersion = 7.3;
					};
				};
			};
			buildConfigurationList = 1AC5CEA11D020974005E2F68 /* Build configuration list for PBXProject "Julie" */;
			compatibilityVersion = "Xcode 3.2";
			developmentRegion = English;
			hasScannedForEncodings = 0;
			knownRegions = (
				en,
				Base,
			);
			mainGroup = 1AC5CE9D1D020974005E2F68;
			productRefGroup = 1AC5CEA71D020974005E2F68 /* Products */;
			projectDirPath = "";
			projectRoot = "";
			targets = (
				1AC5CEA51D020974005E2F68 /* Julie */,
			);
		};
/* End PBXProject section */

/* Begin PBXResourcesBuildPhase section */
		1AC5CEA41D020974005E2F68 /* Resources */ = {
			isa = PBXResourcesBuildPhase;
			buildActionMask = 2147483647;
			files = (
				1AA116F71D03040800A404D7 /* LoginViewController.xib in Resources */,
				1AE0F39E1D03438C00F22345 /* PlayerViewController.xib in Resources */,
				1A7F612E1D0215CF00878246 /* RhapsodyKit.bundle in Resources */,
				1AC5CEB41D020974005E2F68 /* LaunchScreen.storyboard in Resources */,
				1AC5CEB11D020974005E2F68 /* Assets.xcassets in Resources */,
			);
			runOnlyForDeploymentPostprocessing = 0;
		};
/* End PBXResourcesBuildPhase section */

/* Begin PBXShellScriptBuildPhase section */
		01DDA9C05350CB445EAC5CC3 /* [CP] Embed Pods Frameworks */ = {
			isa = PBXShellScriptBuildPhase;
			buildActionMask = 2147483647;
			files = (
			);
			inputPaths = (
			);
			name = "[CP] Embed Pods Frameworks";
			outputPaths = (
			);
			runOnlyForDeploymentPostprocessing = 0;
			shellPath = /bin/sh;
			shellScript = "\"${SRCROOT}/Pods/Target Support Files/Pods-Julie/Pods-Julie-frameworks.sh\"\n";
			showEnvVarsInLog = 0;
		};
		06AABBF7C17CDD4CEC9E6889 /* [CP] Check Pods Manifest.lock */ = {
			isa = PBXShellScriptBuildPhase;
			buildActionMask = 2147483647;
			files = (
			);
			inputPaths = (
			);
			name = "[CP] Check Pods Manifest.lock";
			outputPaths = (
			);
			runOnlyForDeploymentPostprocessing = 0;
			shellPath = /bin/sh;
			shellScript = "diff \"${PODS_ROOT}/../Podfile.lock\" \"${PODS_ROOT}/Manifest.lock\" > /dev/null\nif [[ $? != 0 ]] ; then\n    cat << EOM\nerror: The sandbox is not in sync with the Podfile.lock. Run 'pod install' or update your CocoaPods installation.\nEOM\n    exit 1\nfi\n";
			showEnvVarsInLog = 0;
		};
		88F9F8DCE95C5A513D6B3A68 /* [CP] Copy Pods Resources */ = {
			isa = PBXShellScriptBuildPhase;
			buildActionMask = 2147483647;
			files = (
			);
			inputPaths = (
			);
			name = "[CP] Copy Pods Resources";
			outputPaths = (
			);
			runOnlyForDeploymentPostprocessing = 0;
			shellPath = /bin/sh;
			shellScript = "\"${SRCROOT}/Pods/Target Support Files/Pods-Julie/Pods-Julie-resources.sh\"\n";
			showEnvVarsInLog = 0;
		};
/* End PBXShellScriptBuildPhase section */

/* Begin PBXSourcesBuildPhase section */
		1AC5CEA21D020974005E2F68 /* Sources */ = {
			isa = PBXSourcesBuildPhase;
			buildActionMask = 2147483647;
			files = (
				1AA116F61D03040800A404D7 /* LoginViewController.swift in Sources */,
				1A7F61251D020FD400878246 /* LoginController.swift in Sources */,
				1AA116FC1D0307FD00A404D7 /* TextField.swift in Sources */,
				1AE0F3A41D04141200F22345 /* NavigationService.swift in Sources */,
				1AE0F39D1D03438C00F22345 /* PlayerViewController.swift in Sources */,
				1AA117041D03172500A404D7 /* ImageView.swift in Sources */,
				1A7D5A931D032C4C002017D6 /* ActivityIndicator.swift in Sources */,
				1AE0F3AE1D04289E00F22345 /* RHKTrack+JSON.swift in Sources */,
				1AE0F39A1D03431800F22345 /* Player.swift in Sources */,
				1AA116FE1D03154800A404D7 /* UIColor+Julie.swift in Sources */,
				1A7D5A901D031E34002017D6 /* Validator.swift in Sources */,
				1AA117001D03155900A404D7 /* UIFont+Julie.swift in Sources */,
				1AA117021D03157E00A404D7 /* ViewController.swift in Sources */,
				1A7D5A8B1D03192C002017D6 /* RectButton.swift in Sources */,
				1AE0F3A11D04117200F22345 /* DataProvider.swift in Sources */,
				1A7D5A8D1D031D15002017D6 /* LoginViewModel.swift in Sources */,
				1AC5CEAA1D020974005E2F68 /* AppDelegate.swift in Sources */,
				1AE0F3A71D041E7800F22345 /* PlayerViewModel.swift in Sources */,
			);
			runOnlyForDeploymentPostprocessing = 0;
		};
/* End PBXSourcesBuildPhase section */

/* Begin PBXVariantGroup section */
		1AC5CEB21D020974005E2F68 /* LaunchScreen.storyboard */ = {
			isa = PBXVariantGroup;
			children = (
				1AC5CEB31D020974005E2F68 /* Base */,
			);
			name = LaunchScreen.storyboard;
			sourceTree = "<group>";
		};
/* End PBXVariantGroup section */

/* Begin XCBuildConfiguration section */
		1AC5CEB61D020974005E2F68 /* Debug */ = {
			isa = XCBuildConfiguration;
			buildSettings = {
				ALWAYS_SEARCH_USER_PATHS = NO;
				CLANG_ANALYZER_NONNULL = YES;
				CLANG_CXX_LANGUAGE_STANDARD = "gnu++0x";
				CLANG_CXX_LIBRARY = "libc++";
				CLANG_ENABLE_MODULES = YES;
				CLANG_ENABLE_OBJC_ARC = YES;
				CLANG_WARN_BOOL_CONVERSION = YES;
				CLANG_WARN_CONSTANT_CONVERSION = YES;
				CLANG_WARN_DIRECT_OBJC_ISA_USAGE = YES_ERROR;
				CLANG_WARN_EMPTY_BODY = YES;
				CLANG_WARN_ENUM_CONVERSION = YES;
				CLANG_WARN_INT_CONVERSION = YES;
				CLANG_WARN_OBJC_ROOT_CLASS = YES_ERROR;
				CLANG_WARN_UNREACHABLE_CODE = YES;
				CLANG_WARN__DUPLICATE_METHOD_MATCH = YES;
				"CODE_SIGN_IDENTITY[sdk=iphoneos*]" = "iPhone Developer";
				COPY_PHASE_STRIP = NO;
				DEBUG_INFORMATION_FORMAT = dwarf;
				ENABLE_STRICT_OBJC_MSGSEND = YES;
				ENABLE_TESTABILITY = YES;
				GCC_C_LANGUAGE_STANDARD = gnu99;
				GCC_DYNAMIC_NO_PIC = NO;
				GCC_NO_COMMON_BLOCKS = YES;
				GCC_OPTIMIZATION_LEVEL = 0;
				GCC_PREPROCESSOR_DEFINITIONS = (
					"DEBUG=1",
					"$(inherited)",
				);
				GCC_WARN_64_TO_32_BIT_CONVERSION = YES;
				GCC_WARN_ABOUT_RETURN_TYPE = YES_ERROR;
				GCC_WARN_UNDECLARED_SELECTOR = YES;
				GCC_WARN_UNINITIALIZED_AUTOS = YES_AGGRESSIVE;
				GCC_WARN_UNUSED_FUNCTION = YES;
				GCC_WARN_UNUSED_VARIABLE = YES;
				IPHONEOS_DEPLOYMENT_TARGET = 9.3;
				MTL_ENABLE_DEBUG_INFO = YES;
				ONLY_ACTIVE_ARCH = YES;
				OTHER_LDFLAGS = "-ObjC";
				OTHER_SWIFT_FLAGS = "";
				SDKROOT = iphoneos;
				SWIFT_OPTIMIZATION_LEVEL = "-Onone";
			};
			name = Debug;
		};
		1AC5CEB71D020974005E2F68 /* Release */ = {
			isa = XCBuildConfiguration;
			buildSettings = {
				ALWAYS_SEARCH_USER_PATHS = NO;
				CLANG_ANALYZER_NONNULL = YES;
				CLANG_CXX_LANGUAGE_STANDARD = "gnu++0x";
				CLANG_CXX_LIBRARY = "libc++";
				CLANG_ENABLE_MODULES = YES;
				CLANG_ENABLE_OBJC_ARC = YES;
				CLANG_WARN_BOOL_CONVERSION = YES;
				CLANG_WARN_CONSTANT_CONVERSION = YES;
				CLANG_WARN_DIRECT_OBJC_ISA_USAGE = YES_ERROR;
				CLANG_WARN_EMPTY_BODY = YES;
				CLANG_WARN_ENUM_CONVERSION = YES;
				CLANG_WARN_INT_CONVERSION = YES;
				CLANG_WARN_OBJC_ROOT_CLASS = YES_ERROR;
				CLANG_WARN_UNREACHABLE_CODE = YES;
				CLANG_WARN__DUPLICATE_METHOD_MATCH = YES;
				"CODE_SIGN_IDENTITY[sdk=iphoneos*]" = "iPhone Developer";
				COPY_PHASE_STRIP = NO;
				DEBUG_INFORMATION_FORMAT = "dwarf-with-dsym";
				ENABLE_NS_ASSERTIONS = NO;
				ENABLE_STRICT_OBJC_MSGSEND = YES;
				GCC_C_LANGUAGE_STANDARD = gnu99;
				GCC_NO_COMMON_BLOCKS = YES;
				GCC_WARN_64_TO_32_BIT_CONVERSION = YES;
				GCC_WARN_ABOUT_RETURN_TYPE = YES_ERROR;
				GCC_WARN_UNDECLARED_SELECTOR = YES;
				GCC_WARN_UNINITIALIZED_AUTOS = YES_AGGRESSIVE;
				GCC_WARN_UNUSED_FUNCTION = YES;
				GCC_WARN_UNUSED_VARIABLE = YES;
				IPHONEOS_DEPLOYMENT_TARGET = 9.3;
				MTL_ENABLE_DEBUG_INFO = NO;
				OTHER_LDFLAGS = "-ObjC";
				SDKROOT = iphoneos;
				VALIDATE_PRODUCT = YES;
			};
			name = Release;
		};
		1AC5CEB91D020974005E2F68 /* Debug */ = {
			isa = XCBuildConfiguration;
			baseConfigurationReference = B1A68D6F951976F0C2A12CCA /* Pods-Julie.debug.xcconfig */;
			buildSettings = {
				ASSETCATALOG_COMPILER_APPICON_NAME = AppIcon;
				CLANG_ENABLE_MODULES = YES;
				FRAMEWORK_SEARCH_PATHS = (
					"$(inherited)",
					"$(PROJECT_DIR)/Frameworks/RhapsodyKit",
					for,
					iOS,
					"$(PROJECT_DIR)/Frameworks/RhapsodyKit",
					for,
					iOS,
					"$(PROJECT_DIR)/Frameworks",
				);
				INFOPLIST_FILE = Julie/Info.plist;
				LD_RUNPATH_SEARCH_PATHS = "$(inherited) @executable_path/Frameworks";
				OTHER_LDFLAGS = "$(inherited)";
				OTHER_SWIFT_FLAGS = "$(inherited) -D DEBUG";
				PRODUCT_BUNDLE_IDENTIFIER = com.fivedollarmilkshake.Julie;
				PRODUCT_NAME = "$(TARGET_NAME)";
				SWIFT_OBJC_BRIDGING_HEADER = "Julie/Julie-Bridging-Header.h";
				SWIFT_OPTIMIZATION_LEVEL = "-Onone";
			};
			name = Debug;
		};
		1AC5CEBA1D020974005E2F68 /* Release */ = {
			isa = XCBuildConfiguration;
			baseConfigurationReference = A5298D56B6ADE065E6388218 /* Pods-Julie.release.xcconfig */;
			buildSettings = {
				ASSETCATALOG_COMPILER_APPICON_NAME = AppIcon;
				CLANG_ENABLE_MODULES = YES;
				FRAMEWORK_SEARCH_PATHS = (
					"$(inherited)",
					"$(PROJECT_DIR)/Frameworks/RhapsodyKit",
					for,
					iOS,
					"$(PROJECT_DIR)/Frameworks/RhapsodyKit",
					for,
					iOS,
					"$(PROJECT_DIR)/Frameworks",
				);
				INFOPLIST_FILE = Julie/Info.plist;
				LD_RUNPATH_SEARCH_PATHS = "$(inherited) @executable_path/Frameworks";
				OTHER_LDFLAGS = "$(inherited)";
				OTHER_SWIFT_FLAGS = "$(inherited)";
				PRODUCT_BUNDLE_IDENTIFIER = com.fivedollarmilkshake.Julie;
				PRODUCT_NAME = "$(TARGET_NAME)";
				SWIFT_OBJC_BRIDGING_HEADER = "Julie/Julie-Bridging-Header.h";
			};
			name = Release;
		};
/* End XCBuildConfiguration section */

/* Begin XCConfigurationList section */
		1AC5CEA11D020974005E2F68 /* Build configuration list for PBXProject "Julie" */ = {
			isa = XCConfigurationList;
			buildConfigurations = (
				1AC5CEB61D020974005E2F68 /* Debug */,
				1AC5CEB71D020974005E2F68 /* Release */,
			);
			defaultConfigurationIsVisible = 0;
			defaultConfigurationName = Release;
		};
		1AC5CEB81D020974005E2F68 /* Build configuration list for PBXNativeTarget "Julie" */ = {
			isa = XCConfigurationList;
			buildConfigurations = (
				1AC5CEB91D020974005E2F68 /* Debug */,
				1AC5CEBA1D020974005E2F68 /* Release */,
			);
			defaultConfigurationIsVisible = 0;
			defaultConfigurationName = Release;
		};
/* End XCConfigurationList section */
	};
	rootObject = 1AC5CE9E1D020974005E2F68 /* Project object */;
}
